
Microsoft Visual Studio Solution File, Format Version 12.00
# Visual Studio Version 17
VisualStudioVersion = 17.3.32825.248
MinimumVisualStudioVersion = 10.0.40219.1
Project("{FAE04EC0-301F-11D3-BF4B-00C04F79EFBC}") = "Github tutorial 3", "Github tutorial 3\Github tutorial 3.csproj", "{8BCC2938-9A30-432B-A7CD-D5566F2B8643}"
EndProject
Global
	GlobalSection(SolutionConfigurationPlatforms) = preSolution
		Debug|Any CPU = Debug|Any CPU
		Release|Any CPU = Release|Any CPU
	EndGlobalSection
	GlobalSection(ProjectConfigurationPlatforms) = postSolution
		{8BCC2938-9A30-432B-A7CD-D5566F2B8643}.Debug|Any CPU.ActiveCfg = Debug|Any CPU
		{8BCC2938-9A30-432B-A7CD-D5566F2B8643}.Debug|Any CPU.Build.0 = Debug|Any CPU
		{8BCC2938-9A30-432B-A7CD-D5566F2B8643}.Release|Any CPU.ActiveCfg = Release|Any CPU
		{8BCC2938-9A30-432B-A7CD-D5566F2B8643}.Release|Any CPU.Build.0 = Release|Any CPU
	EndGlobalSection
	GlobalSection(SolutionProperties) = preSolution
		HideSolutionNode = FALSE
	EndGlobalSection
	GlobalSection(ExtensibilityGlobals) = postSolution
		SolutionGuid = {76D1A5AC-FAE2-463F-AF8C-9FF2FB3B4103}
	EndGlobalSection
EndGlobal
